
Microsoft Visual Studio Solution File, Format Version 12.00
# Visual Studio Version 16
VisualStudioVersion = 16.0.32228.343
MinimumVisualStudioVersion = 10.0.40219.1
Project("{8BC9CEB8-8B4A-11D0-8D11-00A0C91BC942}") = "dz_12", "dz_12\dz_12.vcxproj", "{0840F918-092B-47F4-98C1-049A1C92452B}"
EndProject
Global
	GlobalSection(SolutionConfigurationPlatforms) = preSolution
		Debug|x64 = Debug|x64
		Debug|x86 = Debug|x86
		Release|x64 = Release|x64
		Release|x86 = Release|x86
	EndGlobalSection
	GlobalSection(ProjectConfigurationPlatforms) = postSolution
		{0840F918-092B-47F4-98C1-049A1C92452B}.Debug|x64.ActiveCfg = Debug|x64
		{0840F918-092B-47F4-98C1-049A1C92452B}.Debug|x64.Build.0 = Debug|x64
		{0840F918-092B-47F4-98C1-049A1C92452B}.Debug|x86.ActiveCfg = Debug|Win32
		{0840F918-092B-47F4-98C1-049A1C92452B}.Debug|x86.Build.0 = Debug|Win32
		{0840F918-092B-47F4-98C1-049A1C92452B}.Release|x64.ActiveCfg = Release|x64
		{0840F918-092B-47F4-98C1-049A1C92452B}.Release|x64.Build.0 = Release|x64
		{0840F918-092B-47F4-98C1-049A1C92452B}.Release|x86.ActiveCfg = Release|Win32
		{0840F918-092B-47F4-98C1-049A1C92452B}.Release|x86.Build.0 = Release|Win32
	EndGlobalSection
	GlobalSection(SolutionProperties) = preSolution
		HideSolutionNode = FALSE
	EndGlobalSection
	GlobalSection(ExtensibilityGlobals) = postSolution
		SolutionGuid = {397B450C-667F-438D-8D25-7CEF75803D83}
	EndGlobalSection
EndGlobal
